
Microsoft Visual Studio Solution File, Format Version 12.00
# Visual Studio 15
VisualStudioVersion = 15.0.27004.2002
MinimumVisualStudioVersion = 10.0.40219.1
Project("{FAE04EC0-301F-11D3-BF4B-00C04F79EFBC}") = "ConsoleApp1", "ConsoleApp1.csproj", "{95FA16EE-ED7D-4C57-8E46-C08D00FACEFF}"
EndProject
Global
	GlobalSection(SolutionConfigurationPlatforms) = preSolution
		Debug|Any CPU = Debug|Any CPU
		Release|Any CPU = Release|Any CPU
	EndGlobalSection
	GlobalSection(ProjectConfigurationPlatforms) = postSolution
		{95FA16EE-ED7D-4C57-8E46-C08D00FACEFF}.Debug|Any CPU.ActiveCfg = Debug|Any CPU
		{95FA16EE-ED7D-4C57-8E46-C08D00FACEFF}.Debug|Any CPU.Build.0 = Debug|Any CPU
		{95FA16EE-ED7D-4C57-8E46-C08D00FACEFF}.Release|Any CPU.ActiveCfg = Release|Any CPU
		{95FA16EE-ED7D-4C57-8E46-C08D00FACEFF}.Release|Any CPU.Build.0 = Release|Any CPU
	EndGlobalSection
	GlobalSection(SolutionProperties) = preSolution
		HideSolutionNode = FALSE
	EndGlobalSection
	GlobalSection(ExtensibilityGlobals) = postSolution
		SolutionGuid = {A7464E6D-B253-4FF9-854A-B59C5D3E893C}
	EndGlobalSection
EndGlobal
